
Microsoft Visual Studio Solution File, Format Version 12.00
# Visual Studio Version 17
VisualStudioVersion = 17.11.35303.130
MinimumVisualStudioVersion = 10.0.40219.1
Project("{FAE04EC0-301F-11D3-BF4B-00C04F79EFBC}") = "MachineNewGUI", "MachineNewGUI\MachineNewGUI.csproj", "{2DF8E4FA-6AC2-4294-A864-CFF1C8AF6CE9}"
EndProject
Project("{FAE04EC0-301F-11D3-BF4B-00C04F79EFBC}") = "Getech.GS.RobotController", "Getech.GS.RobotController\Getech.GS.RobotController.csproj", "{21CCF6A2-3740-4A08-9E0B-B727A517D0E1}"
EndProject
Project("{FAE04EC0-301F-11D3-BF4B-00C04F79EFBC}") = "Getech.IO", "Getech.Log\Getech.IO.csproj", "{69617E96-C7DA-49CC-A721-659BC509F4B5}"
EndProject
Global
	GlobalSection(SolutionConfigurationPlatforms) = preSolution
		Debug|Any CPU = Debug|Any CPU
		Debug|x64 = Debug|x64
		Debug|x86 = Debug|x86
		Release|Any CPU = Release|Any CPU
		Release|x64 = Release|x64
		Release|x86 = Release|x86
	EndGlobalSection
	GlobalSection(ProjectConfigurationPlatforms) = postSolution
		{2DF8E4FA-6AC2-4294-A864-CFF1C8AF6CE9}.Debug|Any CPU.ActiveCfg = Debug|Any CPU
		{2DF8E4FA-6AC2-4294-A864-CFF1C8AF6CE9}.Debug|Any CPU.Build.0 = Debug|Any CPU
		{2DF8E4FA-6AC2-4294-A864-CFF1C8AF6CE9}.Debug|x64.ActiveCfg = Debug|Any CPU
		{2DF8E4FA-6AC2-4294-A864-CFF1C8AF6CE9}.Debug|x64.Build.0 = Debug|Any CPU
		{2DF8E4FA-6AC2-4294-A864-CFF1C8AF6CE9}.Debug|x86.ActiveCfg = Debug|Any CPU
		{2DF8E4FA-6AC2-4294-A864-CFF1C8AF6CE9}.Debug|x86.Build.0 = Debug|Any CPU
		{2DF8E4FA-6AC2-4294-A864-CFF1C8AF6CE9}.Release|Any CPU.ActiveCfg = Release|Any CPU
		{2DF8E4FA-6AC2-4294-A864-CFF1C8AF6CE9}.Release|Any CPU.Build.0 = Release|Any CPU
		{2DF8E4FA-6AC2-4294-A864-CFF1C8AF6CE9}.Release|x64.ActiveCfg = Release|Any CPU
		{2DF8E4FA-6AC2-4294-A864-CFF1C8AF6CE9}.Release|x64.Build.0 = Release|Any CPU
		{2DF8E4FA-6AC2-4294-A864-CFF1C8AF6CE9}.Release|x86.ActiveCfg = Release|Any CPU
		{2DF8E4FA-6AC2-4294-A864-CFF1C8AF6CE9}.Release|x86.Build.0 = Release|Any CPU
		{21CCF6A2-3740-4A08-9E0B-B727A517D0E1}.Debug|Any CPU.ActiveCfg = Debug|Any CPU
		{21CCF6A2-3740-4A08-9E0B-B727A517D0E1}.Debug|Any CPU.Build.0 = Debug|Any CPU
		{21CCF6A2-3740-4A08-9E0B-B727A517D0E1}.Debug|x64.ActiveCfg = Debug|x64
		{21CCF6A2-3740-4A08-9E0B-B727A517D0E1}.Debug|x64.Build.0 = Debug|x64
		{21CCF6A2-3740-4A08-9E0B-B727A517D0E1}.Debug|x86.ActiveCfg = Debug|Any CPU
		{21CCF6A2-3740-4A08-9E0B-B727A517D0E1}.Debug|x86.Build.0 = Debug|Any CPU
		{21CCF6A2-3740-4A08-9E0B-B727A517D0E1}.Release|Any CPU.ActiveCfg = Release|Any CPU
		{21CCF6A2-3740-4A08-9E0B-B727A517D0E1}.Release|Any CPU.Build.0 = Release|Any CPU
		{21CCF6A2-3740-4A08-9E0B-B727A517D0E1}.Release|x64.ActiveCfg = Release|x64
		{21CCF6A2-3740-4A08-9E0B-B727A517D0E1}.Release|x64.Build.0 = Release|x64
		{21CCF6A2-3740-4A08-9E0B-B727A517D0E1}.Release|x86.ActiveCfg = Release|Any CPU
		{21CCF6A2-3740-4A08-9E0B-B727A517D0E1}.Release|x86.Build.0 = Release|Any CPU
		{69617E96-C7DA-49CC-A721-659BC509F4B5}.Debug|Any CPU.ActiveCfg = Debug|Any CPU
		{69617E96-C7DA-49CC-A721-659BC509F4B5}.Debug|Any CPU.Build.0 = Debug|Any CPU
		{69617E96-C7DA-49CC-A721-659BC509F4B5}.Debug|x64.ActiveCfg = Debug|x64
		{69617E96-C7DA-49CC-A721-659BC509F4B5}.Debug|x64.Build.0 = Debug|x64
		{69617E96-C7DA-49CC-A721-659BC509F4B5}.Debug|x86.ActiveCfg = Debug|x86
		{69617E96-C7DA-49CC-A721-659BC509F4B5}.Debug|x86.Build.0 = Debug|x86
		{69617E96-C7DA-49CC-A721-659BC509F4B5}.Release|Any CPU.ActiveCfg = Release|Any CPU
		{69617E96-C7DA-49CC-A721-659BC509F4B5}.Release|Any CPU.Build.0 = Release|Any CPU
		{69617E96-C7DA-49CC-A721-659BC509F4B5}.Release|x64.ActiveCfg = Release|x64
		{69617E96-C7DA-49CC-A721-659BC509F4B5}.Release|x64.Build.0 = Release|x64
		{69617E96-C7DA-49CC-A721-659BC509F4B5}.Release|x86.ActiveCfg = Release|x86
		{69617E96-C7DA-49CC-A721-659BC509F4B5}.Release|x86.Build.0 = Release|x86
	EndGlobalSection
	GlobalSection(SolutionProperties) = preSolution
		HideSolutionNode = FALSE
	EndGlobalSection
	GlobalSection(ExtensibilityGlobals) = postSolution
		SolutionGuid = {F4F96943-226C-477E-9E4A-ADBE50551EB0}
	EndGlobalSection
EndGlobal
